
Microsoft Visual Studio Solution File, Format Version 12.00
# Visual Studio Version 16
VisualStudioVersion = 16.0.31624.102
MinimumVisualStudioVersion = 10.0.40219.1
Project("{FAE04EC0-301F-11D3-BF4B-00C04F79EFBC}") = "ShoppingCartAPI", "ShoppingCartAPI\ShoppingCartAPI.csproj", "{9DEED0FC-4EE2-4D12-B174-89E5382BBE84}"
EndProject
Global
	GlobalSection(SolutionConfigurationPlatforms) = preSolution
		Debug|Any CPU = Debug|Any CPU
		Release|Any CPU = Release|Any CPU
	EndGlobalSection
	GlobalSection(ProjectConfigurationPlatforms) = postSolution
		{9DEED0FC-4EE2-4D12-B174-89E5382BBE84}.Debug|Any CPU.ActiveCfg = Debug|Any CPU
		{9DEED0FC-4EE2-4D12-B174-89E5382BBE84}.Debug|Any CPU.Build.0 = Debug|Any CPU
		{9DEED0FC-4EE2-4D12-B174-89E5382BBE84}.Release|Any CPU.ActiveCfg = Release|Any CPU
		{9DEED0FC-4EE2-4D12-B174-89E5382BBE84}.Release|Any CPU.Build.0 = Release|Any CPU
	EndGlobalSection
	GlobalSection(SolutionProperties) = preSolution
		HideSolutionNode = FALSE
	EndGlobalSection
	GlobalSection(ExtensibilityGlobals) = postSolution
		SolutionGuid = {F128AD65-341D-447A-BE8A-591120848FB8}
	EndGlobalSection
EndGlobal
